
Microsoft Visual Studio Solution File, Format Version 12.00
# Visual Studio Version 17
VisualStudioVersion = 17.9.34622.214
MinimumVisualStudioVersion = 10.0.40219.1
Project("{9A19103F-16F7-4668-BE54-9A1E7A4F7556}") = "MirrorImage", "MirrorImage.csproj", "{0FD40897-0768-430D-9644-56277A13C175}"
EndProject
Global
	GlobalSection(SolutionConfigurationPlatforms) = preSolution
		Debug_Log_AB|Any CPU = Debug_Log_AB|Any CPU
		Debug|Any CPU = Debug|Any CPU
		Release|Any CPU = Release|Any CPU
	EndGlobalSection
	GlobalSection(ProjectConfigurationPlatforms) = postSolution
		{0FD40897-0768-430D-9644-56277A13C175}.Debug_Log_AB|Any CPU.ActiveCfg = Debug_Log_AB|Any CPU
		{0FD40897-0768-430D-9644-56277A13C175}.Debug_Log_AB|Any CPU.Build.0 = Debug_Log_AB|Any CPU
		{0FD40897-0768-430D-9644-56277A13C175}.Debug|Any CPU.ActiveCfg = Debug|Any CPU
		{0FD40897-0768-430D-9644-56277A13C175}.Debug|Any CPU.Build.0 = Debug|Any CPU
		{0FD40897-0768-430D-9644-56277A13C175}.Release|Any CPU.ActiveCfg = Release|Any CPU
		{0FD40897-0768-430D-9644-56277A13C175}.Release|Any CPU.Build.0 = Release|Any CPU
	EndGlobalSection
	GlobalSection(SolutionProperties) = preSolution
		HideSolutionNode = FALSE
	EndGlobalSection
	GlobalSection(ExtensibilityGlobals) = postSolution
		SolutionGuid = {676488C1-8623-42AD-B5E9-1C80B4A423ED}
	EndGlobalSection
EndGlobal
